
Microsoft Visual Studio Solution File, Format Version 12.00
# Visual Studio Version 17
VisualStudioVersion = 17.3.32825.248
MinimumVisualStudioVersion = 10.0.40219.1
Project("{8BC9CEB8-8B4A-11D0-8D11-00A0C91BC942}") = "hard_code1", "hard_code1\hard_code1.vcxproj", "{0E1A66B2-BC11-4F4E-BF0E-EFEE8FA46815}"
EndProject
Global
	GlobalSection(SolutionConfigurationPlatforms) = preSolution
		Debug|x64 = Debug|x64
		Debug|x86 = Debug|x86
		Release|x64 = Release|x64
		Release|x86 = Release|x86
	EndGlobalSection
	GlobalSection(ProjectConfigurationPlatforms) = postSolution
		{0E1A66B2-BC11-4F4E-BF0E-EFEE8FA46815}.Debug|x64.ActiveCfg = Debug|x64
		{0E1A66B2-BC11-4F4E-BF0E-EFEE8FA46815}.Debug|x64.Build.0 = Debug|x64
		{0E1A66B2-BC11-4F4E-BF0E-EFEE8FA46815}.Debug|x86.ActiveCfg = Debug|Win32
		{0E1A66B2-BC11-4F4E-BF0E-EFEE8FA46815}.Debug|x86.Build.0 = Debug|Win32
		{0E1A66B2-BC11-4F4E-BF0E-EFEE8FA46815}.Release|x64.ActiveCfg = Release|x64
		{0E1A66B2-BC11-4F4E-BF0E-EFEE8FA46815}.Release|x64.Build.0 = Release|x64
		{0E1A66B2-BC11-4F4E-BF0E-EFEE8FA46815}.Release|x86.ActiveCfg = Release|Win32
		{0E1A66B2-BC11-4F4E-BF0E-EFEE8FA46815}.Release|x86.Build.0 = Release|Win32
	EndGlobalSection
	GlobalSection(SolutionProperties) = preSolution
		HideSolutionNode = FALSE
	EndGlobalSection
	GlobalSection(ExtensibilityGlobals) = postSolution
		SolutionGuid = {1A86B59D-4BC7-41B3-BFE5-5BB8CB9B5843}
	EndGlobalSection
EndGlobal
